
Microsoft Visual Studio Solution File, Format Version 12.00
# Visual Studio Version 17
VisualStudioVersion = 17.2.32630.192
MinimumVisualStudioVersion = 10.0.40219.1
Project("{FAE04EC0-301F-11D3-BF4B-00C04F79EFBC}") = "ChineseBox", "ChineseBox\ChineseBox.csproj", "{4F984F7D-D3E8-48C2-86E5-6B618EB6F640}"
EndProject
Global
	GlobalSection(SolutionConfigurationPlatforms) = preSolution
		Debug|Any CPU = Debug|Any CPU
		Release|Any CPU = Release|Any CPU
	EndGlobalSection
	GlobalSection(ProjectConfigurationPlatforms) = postSolution
		{4F984F7D-D3E8-48C2-86E5-6B618EB6F640}.Debug|Any CPU.ActiveCfg = Debug|Any CPU
		{4F984F7D-D3E8-48C2-86E5-6B618EB6F640}.Debug|Any CPU.Build.0 = Debug|Any CPU
		{4F984F7D-D3E8-48C2-86E5-6B618EB6F640}.Release|Any CPU.ActiveCfg = Release|Any CPU
		{4F984F7D-D3E8-48C2-86E5-6B618EB6F640}.Release|Any CPU.Build.0 = Release|Any CPU
	EndGlobalSection
	GlobalSection(SolutionProperties) = preSolution
		HideSolutionNode = FALSE
	EndGlobalSection
	GlobalSection(ExtensibilityGlobals) = postSolution
		SolutionGuid = {38004337-37ED-407E-8928-48E9298016CC}
	EndGlobalSection
EndGlobal
